PODS:
  - RxCocoa (4.3.1):
    - RxSwift (~> 4.0)
  - RxSwift (4.3.1)

DEPENDENCIES:
  - RxCocoa (~> 4.3.1)
  - RxSwift (~> 4.3.1)

SPEC REPOS:
  trunk:
    - RxCocoa
    - RxSwift

SPEC CHECKSUMS:
  RxCocoa: 78763c7b07d02455598d9fc3c1ad091a28b73635
  RxSwift: fe0fd770a43acdb7d0a53da411c9b892e69bb6e4

PODFILE CHECKSUM: 09e33a5b32dbf24d9ffae7d100d7f888d6c9c154

COCOAPODS: 1.8.4
